
Microsoft Visual Studio Solution File, Format Version 12.00
# Visual Studio 14
VisualStudioVersion = 14.0.25420.1
MinimumVisualStudioVersion = 10.0.40219.1
Project("{2150E333-8FDC-42A3-9474-1A3956D46DE8}") = "src", "src", "{11719903-25BD-4666-A32D-E518F0651DE9}"
EndProject
Project("{2150E333-8FDC-42A3-9474-1A3956D46DE8}") = "Solution Items", "Solution Items", "{FEC9B372-DDE2-4BDE-843E-C66398EA8869}"
	ProjectSection(SolutionItems) = preProject
		global.json = global.json
	EndProjectSection
EndProject
Project("{8BB2217D-0F2D-49D1-97BC-3654ED321F3B}") = "PhotoSharingApplication", "src\PhotoSharingApplication\PhotoSharingApplication.xproj", "{9B578E8F-6FF8-4606-AB79-7F67AFD07F1D}"
EndProject
Project("{2150E333-8FDC-42A3-9474-1A3956D46DE8}") = "test", "test", "{DC49B4BB-7479-46DB-BD65-D147AC266D6E}"
EndProject
Project("{8BB2217D-0F2D-49D1-97BC-3654ED321F3B}") = "PhotoSharingApplication.Tests", "test\PhotoSharingApplication.Tests\PhotoSharingApplication.Tests.xproj", "{F23AA657-ED9E-4D14-93DD-3A431AAAEEB0}"
EndProject
Global
	GlobalSection(SolutionConfigurationPlatforms) = preSolution
		Debug|Any CPU = Debug|Any CPU
		Release|Any CPU = Release|Any CPU
	EndGlobalSection
	GlobalSection(ProjectConfigurationPlatforms) = postSolution
		{9B578E8F-6FF8-4606-AB79-7F67AFD07F1D}.Debug|Any CPU.ActiveCfg = Debug|Any CPU
		{9B578E8F-6FF8-4606-AB79-7F67AFD07F1D}.Debug|Any CPU.Build.0 = Debug|Any CPU
		{9B578E8F-6FF8-4606-AB79-7F67AFD07F1D}.Release|Any CPU.ActiveCfg = Release|Any CPU
		{9B578E8F-6FF8-4606-AB79-7F67AFD07F1D}.Release|Any CPU.Build.0 = Release|Any CPU
		{F23AA657-ED9E-4D14-93DD-3A431AAAEEB0}.Debug|Any CPU.ActiveCfg = Debug|Any CPU
		{F23AA657-ED9E-4D14-93DD-3A431AAAEEB0}.Debug|Any CPU.Build.0 = Debug|Any CPU
		{F23AA657-ED9E-4D14-93DD-3A431AAAEEB0}.Release|Any CPU.ActiveCfg = Release|Any CPU
		{F23AA657-ED9E-4D14-93DD-3A431AAAEEB0}.Release|Any CPU.Build.0 = Release|Any CPU
	EndGlobalSection
	GlobalSection(SolutionProperties) = preSolution
		HideSolutionNode = FALSE
	EndGlobalSection
	GlobalSection(NestedProjects) = preSolution
		{9B578E8F-6FF8-4606-AB79-7F67AFD07F1D} = {11719903-25BD-4666-A32D-E518F0651DE9}
		{F23AA657-ED9E-4D14-93DD-3A431AAAEEB0} = {DC49B4BB-7479-46DB-BD65-D147AC266D6E}
	EndGlobalSection
EndGlobal
