
Microsoft Visual Studio Solution File, Format Version 12.00
# Visual Studio 14
VisualStudioVersion = 14.0.25420.1
MinimumVisualStudioVersion = 10.0.40219.1
Project("{2150E333-8FDC-42A3-9474-1A3956D46DE8}") = "src", "src", "{7B409A7D-4072-4669-AE29-25E00E849FC9}"
EndProject
Project("{2150E333-8FDC-42A3-9474-1A3956D46DE8}") = "Solution Items", "Solution Items", "{49457ABD-BE4C-4193-B8CF-CB6C036DD973}"
	ProjectSection(SolutionItems) = preProject
		global.json = global.json
	EndProjectSection
EndProject
Project("{8BB2217D-0F2D-49D1-97BC-3654ED321F3B}") = "PhotoSharingApplication", "src\PhotoSharingApplication\PhotoSharingApplication.xproj", "{194E7C1B-2879-4188-9B51-86552907E822}"
EndProject
Global
	GlobalSection(SolutionConfigurationPlatforms) = preSolution
		Debug|Any CPU = Debug|Any CPU
		Release|Any CPU = Release|Any CPU
	EndGlobalSection
	GlobalSection(ProjectConfigurationPlatforms) = postSolution
		{194E7C1B-2879-4188-9B51-86552907E822}.Debug|Any CPU.ActiveCfg = Debug|Any CPU
		{194E7C1B-2879-4188-9B51-86552907E822}.Debug|Any CPU.Build.0 = Debug|Any CPU
		{194E7C1B-2879-4188-9B51-86552907E822}.Release|Any CPU.ActiveCfg = Release|Any CPU
		{194E7C1B-2879-4188-9B51-86552907E822}.Release|Any CPU.Build.0 = Release|Any CPU
	EndGlobalSection
	GlobalSection(SolutionProperties) = preSolution
		HideSolutionNode = FALSE
	EndGlobalSection
	GlobalSection(NestedProjects) = preSolution
		{194E7C1B-2879-4188-9B51-86552907E822} = {7B409A7D-4072-4669-AE29-25E00E849FC9}
	EndGlobalSection
EndGlobal
